
Microsoft Visual Studio Solution File, Format Version 12.00
# Visual Studio Version 17
VisualStudioVersion = 17.8.34309.116
MinimumVisualStudioVersion = 10.0.40219.1
Project("{9A19103F-16F7-4668-BE54-9A1E7A4F7556}") = "MuTian.Dapper", "MuTian.Dapper\MuTian.Dapper.csproj", "{E774B0CC-4253-4886-82BB-43B5E26E2C03}"
EndProject
Project("{9A19103F-16F7-4668-BE54-9A1E7A4F7556}") = "MuTian.Dapper.Test", "MuTian.Dapper.Test\MuTian.Dapper.Test.csproj", "{F309DD20-6971-484B-8F6D-0552D5FA73D9}"
EndProject
Project("{9A19103F-16F7-4668-BE54-9A1E7A4F7556}") = "MuTian.Dapper.ApiTest", "MuTian.Dapper.ApiTest\MuTian.Dapper.ApiTest.csproj", "{66AD2563-7AEE-408E-B9DF-C7D22A848F10}"
EndProject
Global
	GlobalSection(SolutionConfigurationPlatforms) = preSolution
		Debug|Any CPU = Debug|Any CPU
		Release|Any CPU = Release|Any CPU
	EndGlobalSection
	GlobalSection(ProjectConfigurationPlatforms) = postSolution
		{E774B0CC-4253-4886-82BB-43B5E26E2C03}.Debug|Any CPU.ActiveCfg = Debug|Any CPU
		{E774B0CC-4253-4886-82BB-43B5E26E2C03}.Debug|Any CPU.Build.0 = Debug|Any CPU
		{E774B0CC-4253-4886-82BB-43B5E26E2C03}.Release|Any CPU.ActiveCfg = Release|Any CPU
		{E774B0CC-4253-4886-82BB-43B5E26E2C03}.Release|Any CPU.Build.0 = Release|Any CPU
		{F309DD20-6971-484B-8F6D-0552D5FA73D9}.Debug|Any CPU.ActiveCfg = Debug|Any CPU
		{F309DD20-6971-484B-8F6D-0552D5FA73D9}.Debug|Any CPU.Build.0 = Debug|Any CPU
		{F309DD20-6971-484B-8F6D-0552D5FA73D9}.Release|Any CPU.ActiveCfg = Release|Any CPU
		{F309DD20-6971-484B-8F6D-0552D5FA73D9}.Release|Any CPU.Build.0 = Release|Any CPU
		{66AD2563-7AEE-408E-B9DF-C7D22A848F10}.Debug|Any CPU.ActiveCfg = Debug|Any CPU
		{66AD2563-7AEE-408E-B9DF-C7D22A848F10}.Debug|Any CPU.Build.0 = Debug|Any CPU
		{66AD2563-7AEE-408E-B9DF-C7D22A848F10}.Release|Any CPU.ActiveCfg = Release|Any CPU
		{66AD2563-7AEE-408E-B9DF-C7D22A848F10}.Release|Any CPU.Build.0 = Release|Any CPU
	EndGlobalSection
	GlobalSection(SolutionProperties) = preSolution
		HideSolutionNode = FALSE
	EndGlobalSection
	GlobalSection(ExtensibilityGlobals) = postSolution
		SolutionGuid = {10707422-5FAF-4596-A694-8F999E82FC07}
	EndGlobalSection
EndGlobal
